// !$*UTF8*$!
{
	archiveVersion = 1;
	classes = {
	};
	objectVersion = 56;
	objects = {

/* ── Begin PBXBuildFile section ──────────────────────────────────── */

		000000000000000000000101 /* DenoizUIApp.swift in Sources */ = {isa = PBXBuildFile; fileRef = 000000000000000000000001 /* DenoizUIApp.swift */; };
		000000000000000000000102 /* ContentView.swift in Sources */ = {isa = PBXBuildFile; fileRef = 000000000000000000000002 /* ContentView.swift */; };
		000000000000000000000103 /* DenoisingParameters.swift in Sources */ = {isa = PBXBuildFile; fileRef = 000000000000000000000003 /* DenoisingParameters.swift */; };
		000000000000000000000104 /* DenoiseService.swift in Sources */ = {isa = PBXBuildFile; fileRef = 000000000000000000000004 /* DenoiseService.swift */; };
		000000000000000000000105 /* ImageLoader.swift in Sources */ = {isa = PBXBuildFile; fileRef = 000000000000000000000005 /* ImageLoader.swift */; };
		000000000000000000000106 /* SidebarView.swift in Sources */ = {isa = PBXBuildFile; fileRef = 000000000000000000000006 /* SidebarView.swift */; };
		000000000000000000000107 /* ImageComparisonView.swift in Sources */ = {isa = PBXBuildFile; fileRef = 000000000000000000000007 /* ImageComparisonView.swift */; };
		000000000000000000000108 /* ImageDropZone.swift in Sources */ = {isa = PBXBuildFile; fileRef = 000000000000000000000008 /* ImageDropZone.swift */; };
		000000000000000000000109 /* PipelinePicker.swift in Sources */ = {isa = PBXBuildFile; fileRef = 000000000000000000000009 /* PipelinePicker.swift */; };
		00000000000000000000010A /* ParameterControls.swift in Sources */ = {isa = PBXBuildFile; fileRef = 00000000000000000000000A /* ParameterControls.swift */; };
		00000000000000000000010B /* Assets.xcassets in Resources */ = {isa = PBXBuildFile; fileRef = 00000000000000000000000B /* Assets.xcassets */; };
		00000000000000000000010C /* DenoisingParametersTests.swift in Sources */ = {isa = PBXBuildFile; fileRef = 000000000000000000000011 /* DenoisingParametersTests.swift */; };
		00000000000000000000010D /* ImageLoaderTests.swift in Sources */ = {isa = PBXBuildFile; fileRef = 000000000000000000000012 /* ImageLoaderTests.swift */; };
		00000000000000000000010E /* DenoiseServiceTests.swift in Sources */ = {isa = PBXBuildFile; fileRef = 000000000000000000000013 /* DenoiseServiceTests.swift */; };

/* ── End PBXBuildFile section ────────────────────────────────────── */

/* ── Begin PBXFileReference section ───────────────────────────────── */

		000000000000000000000001 /* DenoizUIApp.swift */ = {isa = PBXFileReference; lastKnownFileType = sourcecode.swift; path = DenoizUIApp.swift; sourceTree = "<group>"; };
		000000000000000000000002 /* ContentView.swift */ = {isa = PBXFileReference; lastKnownFileType = sourcecode.swift; path = ContentView.swift; sourceTree = "<group>"; };
		000000000000000000000003 /* DenoisingParameters.swift */ = {isa = PBXFileReference; lastKnownFileType = sourcecode.swift; path = DenoisingParameters.swift; sourceTree = "<group>"; };
		000000000000000000000004 /* DenoiseService.swift */ = {isa = PBXFileReference; lastKnownFileType = sourcecode.swift; path = DenoiseService.swift; sourceTree = "<group>"; };
		000000000000000000000005 /* ImageLoader.swift */ = {isa = PBXFileReference; lastKnownFileType = sourcecode.swift; path = ImageLoader.swift; sourceTree = "<group>"; };
		000000000000000000000006 /* SidebarView.swift */ = {isa = PBXFileReference; lastKnownFileType = sourcecode.swift; path = SidebarView.swift; sourceTree = "<group>"; };
		000000000000000000000007 /* ImageComparisonView.swift */ = {isa = PBXFileReference; lastKnownFileType = sourcecode.swift; path = ImageComparisonView.swift; sourceTree = "<group>"; };
		000000000000000000000008 /* ImageDropZone.swift */ = {isa = PBXFileReference; lastKnownFileType = sourcecode.swift; path = ImageDropZone.swift; sourceTree = "<group>"; };
		000000000000000000000009 /* PipelinePicker.swift */ = {isa = PBXFileReference; lastKnownFileType = sourcecode.swift; path = PipelinePicker.swift; sourceTree = "<group>"; };
		00000000000000000000000A /* ParameterControls.swift */ = {isa = PBXFileReference; lastKnownFileType = sourcecode.swift; path = ParameterControls.swift; sourceTree = "<group>"; };
		00000000000000000000000B /* Assets.xcassets */ = {isa = PBXFileReference; lastKnownFileType = folder.assetcatalog; path = Assets.xcassets; sourceTree = "<group>"; };
		00000000000000000000000C /* Info.plist */ = {isa = PBXFileReference; lastKnownFileType = text.plist.xml; path = Info.plist; sourceTree = "<group>"; };
		00000000000000000000000D /* DenoizUI.app */ = {isa = PBXFileReference; explicitFileType = wrapper.application; includeInIndex = 0; path = DenoizUI.app; sourceTree = BUILT_PRODUCTS_DIR; };
		000000000000000000000011 /* DenoisingParametersTests.swift */ = {isa = PBXFileReference; lastKnownFileType = sourcecode.swift; path = DenoisingParametersTests.swift; sourceTree = "<group>"; };
		000000000000000000000012 /* ImageLoaderTests.swift */ = {isa = PBXFileReference; lastKnownFileType = sourcecode.swift; path = ImageLoaderTests.swift; sourceTree = "<group>"; };
		000000000000000000000013 /* DenoiseServiceTests.swift */ = {isa = PBXFileReference; lastKnownFileType = sourcecode.swift; path = DenoiseServiceTests.swift; sourceTree = "<group>"; };
		000000000000000000000014 /* DenoizUITests.xctest */ = {isa = PBXFileReference; explicitFileType = wrapper.cfbundle; includeInIndex = 0; path = DenoizUITests.xctest; sourceTree = BUILT_PRODUCTS_DIR; };

/* ── End PBXFileReference section ─────────────────────────────────── */

/* ── Begin PBXGroup section ───────────────────────────────────────── */

		000000000000000000000201 = {
			isa = PBXGroup;
			children = (
				000000000000000000000202 /* DenoizUI */,
				000000000000000000000210 /* DenoizUITests */,
				000000000000000000000207 /* Products */,
			);
			sourceTree = "<group>";
		};
		000000000000000000000202 /* DenoizUI */ = {
			isa = PBXGroup;
			children = (
				000000000000000000000001 /* DenoizUIApp.swift */,
				000000000000000000000002 /* ContentView.swift */,
				000000000000000000000203 /* Models */,
				000000000000000000000204 /* Services */,
				000000000000000000000205 /* Views */,
				000000000000000000000206 /* Utilities */,
				00000000000000000000000B /* Assets.xcassets */,
				00000000000000000000000C /* Info.plist */,
			);
			path = DenoizUI;
			sourceTree = "<group>";
		};
		000000000000000000000203 /* Models */ = {
			isa = PBXGroup;
			children = (
				000000000000000000000003 /* DenoisingParameters.swift */,
			);
			path = Models;
			sourceTree = "<group>";
		};
		000000000000000000000204 /* Services */ = {
			isa = PBXGroup;
			children = (
				000000000000000000000004 /* DenoiseService.swift */,
			);
			path = Services;
			sourceTree = "<group>";
		};
		000000000000000000000205 /* Views */ = {
			isa = PBXGroup;
			children = (
				000000000000000000000006 /* SidebarView.swift */,
				000000000000000000000007 /* ImageComparisonView.swift */,
				000000000000000000000008 /* ImageDropZone.swift */,
				000000000000000000000009 /* PipelinePicker.swift */,
				00000000000000000000000A /* ParameterControls.swift */,
			);
			path = Views;
			sourceTree = "<group>";
		};
		000000000000000000000206 /* Utilities */ = {
			isa = PBXGroup;
			children = (
				000000000000000000000005 /* ImageLoader.swift */,
			);
			path = Utilities;
			sourceTree = "<group>";
		};
		000000000000000000000207 /* Products */ = {
			isa = PBXGroup;
			children = (
				00000000000000000000000D /* DenoizUI.app */,
				000000000000000000000014 /* DenoizUITests.xctest */,
			);
			name = Products;
			sourceTree = "<group>";
		};
		000000000000000000000210 /* DenoizUITests */ = {
			isa = PBXGroup;
			children = (
				000000000000000000000011 /* DenoisingParametersTests.swift */,
				000000000000000000000012 /* ImageLoaderTests.swift */,
				000000000000000000000013 /* DenoiseServiceTests.swift */,
			);
			path = DenoizUITests;
			sourceTree = "<group>";
		};

/* ── End PBXGroup section ─────────────────────────────────────────── */

/* ── Begin PBXNativeTarget section ────────────────────────────────── */

		000000000000000000000401 /* DenoizUI */ = {
			isa = PBXNativeTarget;
			buildConfigurationList = 000000000000000000000604 /* Build configuration list for PBXNativeTarget "DenoizUI" */;
			buildPhases = (
				000000000000000000000303 /* Copy denoise binary */,
				000000000000000000000301 /* Sources */,
				000000000000000000000302 /* Resources */,
			);
			buildRules = (
			);
			dependencies = (
			);
			name = DenoizUI;
			productName = DenoizUI;
			productReference = 00000000000000000000000D /* DenoizUI.app */;
			productType = "com.apple.product-type.application";
		};
		000000000000000000000411 /* DenoizUITests */ = {
			isa = PBXNativeTarget;
			buildConfigurationList = 000000000000000000000613 /* Build configuration list for PBXNativeTarget "DenoizUITests" */;
			buildPhases = (
				000000000000000000000311 /* Sources */,
			);
			buildRules = (
			);
			dependencies = (
				000000000000000000000412 /* PBXTargetDependency */,
			);
			name = DenoizUITests;
			productName = DenoizUITests;
			productReference = 000000000000000000000014 /* DenoizUITests.xctest */;
			productType = "com.apple.product-type.bundle.unit-test";
		};

/* ── End PBXNativeTarget section ──────────────────────────────────── */

/* ── Begin PBXProject section ─────────────────────────────────────── */

		000000000000000000000501 /* Project object */ = {
			isa = PBXProject;
			attributes = {
				BuildIndependentTargetsInParallel = 1;
				LastSwiftUpdateCheck = 1520;
				LastUpgradeCheck = 1520;
				TargetAttributes = {
					000000000000000000000401 = {
						CreatedOnToolsVersion = 15.2;
					};
					000000000000000000000411 = {
						CreatedOnToolsVersion = 15.2;
						TestTargetID = 000000000000000000000401;
					};
				};
			};
			buildConfigurationList = 000000000000000000000603 /* Build configuration list for PBXProject "DenoizUI" */;
			compatibilityVersion = "Xcode 14.0";
			developmentRegion = en;
			hasScannedForEncodings = 0;
			knownRegions = (
				en,
				Base,
			);
			mainGroup = 000000000000000000000201;
			productRefGroup = 000000000000000000000207 /* Products */;
			projectDirPath = "";
			projectRoot = "";
			targets = (
				000000000000000000000401 /* DenoizUI */,
				000000000000000000000411 /* DenoizUITests */,
			);
		};

/* ── End PBXProject section ───────────────────────────────────────── */

/* ── Begin PBXShellScriptBuildPhase section ───────────────────────── */

		000000000000000000000303 /* Copy denoise binary */ = {
			isa = PBXShellScriptBuildPhase;
			buildActionMask = 2147483647;
			files = (
			);
			inputFileListPaths = (
			);
			inputPaths = (
			);
			name = "Copy denoise binary";
			outputFileListPaths = (
			);
			outputPaths = (
				"$(BUILT_PRODUCTS_DIR)/$(PRODUCT_NAME).app/Contents/Resources/denoise",
			);
			runOnlyForDeploymentPostprocessing = 0;
			shellPath = /bin/sh;
			shellScript = "# Copy the denoise binary into the app bundle Resources\n# Search in multiple locations: build dir, installed path, PATH\n\nDENOISE_SRC=\"${SRCROOT}/../build/denoise\"\nDENOISE_DST=\"${BUILT_PRODUCTS_DIR}/${PRODUCT_NAME}.app/Contents/Resources/denoise\"\n\nif [ -x \"$DENOISE_SRC\" ]; then\n    echo \"Copying denoise from build directory: $DENOISE_SRC\"\n    cp \"$DENOISE_SRC\" \"$DENOISE_DST\"\n    chmod +x \"$DENOISE_DST\"\nelif command -v denoise &> /dev/null; then\n    DENOISE_INSTALLED=$(command -v denoise)\n    echo \"Copying denoise from PATH: $DENOISE_INSTALLED\"\n    cp \"$DENOISE_INSTALLED\" \"$DENOISE_DST\"\n    chmod +x \"$DENOISE_DST\"\nelse\n    echo \"WARNING: denoise binary not found at $DENOISE_SRC or in PATH\"\n    echo \"Build it first with: cmake --build build\"\nfi\n";
		};

/* ── End PBXShellScriptBuildPhase section ─────────────────────────── */

/* ── Begin PBXSourcesBuildPhase section ───────────────────────────── */

		000000000000000000000301 /* Sources */ = {
			isa = PBXSourcesBuildPhase;
			buildActionMask = 2147483647;
			files = (
				000000000000000000000101 /* DenoizUIApp.swift in Sources */,
				000000000000000000000102 /* ContentView.swift in Sources */,
				000000000000000000000103 /* DenoisingParameters.swift in Sources */,
				000000000000000000000104 /* DenoiseService.swift in Sources */,
				000000000000000000000105 /* ImageLoader.swift in Sources */,
				000000000000000000000106 /* SidebarView.swift in Sources */,
				000000000000000000000107 /* ImageComparisonView.swift in Sources */,
				000000000000000000000108 /* ImageDropZone.swift in Sources */,
				000000000000000000000109 /* PipelinePicker.swift in Sources */,
				00000000000000000000010A /* ParameterControls.swift in Sources */,
			);
			runOnlyForDeploymentPostprocessing = 0;
		};
		000000000000000000000311 /* Sources */ = {
			isa = PBXSourcesBuildPhase;
			buildActionMask = 2147483647;
			files = (
				00000000000000000000010C /* DenoisingParametersTests.swift in Sources */,
				00000000000000000000010D /* ImageLoaderTests.swift in Sources */,
				00000000000000000000010E /* DenoiseServiceTests.swift in Sources */,
			);
			runOnlyForDeploymentPostprocessing = 0;
		};

/* ── End PBXSourcesBuildPhase section ─────────────────────────────── */

/* ── Begin PBXResourcesBuildPhase section ─────────────────────────── */

		000000000000000000000302 /* Resources */ = {
			isa = PBXResourcesBuildPhase;
			buildActionMask = 2147483647;
			files = (
				00000000000000000000010B /* Assets.xcassets in Resources */,
			);
			runOnlyForDeploymentPostprocessing = 0;
		};

/* ── End PBXResourcesBuildPhase section ───────────────────────────── */

/* ── Begin PBXTargetDependency section ────────────────────────────── */

		000000000000000000000412 /* PBXTargetDependency */ = {
			isa = PBXTargetDependency;
			target = 000000000000000000000401 /* DenoizUI */;
		};

/* ── End PBXTargetDependency section ──────────────────────────────── */

/* ── Begin XCBuildConfiguration section ───────────────────────────── */

		000000000000000000000601 /* Debug */ = {
			isa = XCBuildConfiguration;
			buildSettings = {
				ALWAYS_SEARCH_USER_PATHS = NO;
				ASSETCATALOG_COMPILER_GENERATE_SWIFT_ASSET_SYMBOL_EXTENSIONS = YES;
				CLANG_ANALYZER_NONNULL = YES;
				CLANG_ANALYZER_NUMBER_OBJECT_CONVERSION = YES_AGGRESSIVE;
				CLANG_CXX_LANGUAGE_STANDARD = "gnu++20";
				CLANG_ENABLE_MODULES = YES;
				CLANG_ENABLE_OBJC_ARC = YES;
				CLANG_ENABLE_OBJC_WEAK = YES;
				CLANG_WARN_BLOCK_CAPTURE_AUTORELEASING = YES;
				CLANG_WARN_BOOL_CONVERSION = YES;
				CLANG_WARN_COMMA = YES;
				CLANG_WARN_CONSTANT_CONVERSION = YES;
				CLANG_WARN_DEPRECATED_OBJC_IMPLEMENTATIONS = YES;
				CLANG_WARN_DIRECT_OBJC_ISA_USAGE = YES_ERROR;
				CLANG_WARN_DOCUMENTATION_COMMENTS = YES;
				CLANG_WARN_EMPTY_BODY = YES;
				CLANG_WARN_ENUM_CONVERSION = YES;
				CLANG_WARN_INFINITE_RECURSION = YES;
				CLANG_WARN_INT_CONVERSION = YES;
				CLANG_WARN_NON_LITERAL_NULL_CONVERSION = YES;
				CLANG_WARN_OBJC_IMPLICIT_RETAIN_SELF = YES;
				CLANG_WARN_OBJC_LITERAL_CONVERSION = YES;
				CLANG_WARN_OBJC_ROOT_CLASS = YES_ERROR;
				CLANG_WARN_QUOTED_INCLUDE_IN_FRAMEWORK_HEADER = YES;
				CLANG_WARN_RANGE_LOOP_ANALYSIS = YES;
				CLANG_WARN_STRICT_PROTOTYPES = YES;
				CLANG_WARN_SUSPICIOUS_MOVE = YES;
				CLANG_WARN_UNGUARDED_AVAILABILITY = YES_AGGRESSIVE;
				CLANG_WARN_UNREACHABLE_CODE = YES;
				CLANG_WARN__DUPLICATE_METHOD_MATCH = YES;
				COPY_PHASE_STRIP = NO;
				DEBUG_INFORMATION_FORMAT = dwarf;
				ENABLE_STRICT_OBJC_MSGSEND = YES;
				ENABLE_TESTABILITY = YES;
				ENABLE_USER_SCRIPT_SANDBOXING = NO;
				GCC_C_LANGUAGE_STANDARD = gnu17;
				GCC_DYNAMIC_NO_PIC = NO;
				GCC_NO_COMMON_BLOCKS = YES;
				GCC_OPTIMIZATION_LEVEL = 0;
				GCC_PREPROCESSOR_DEFINITIONS = (
					"DEBUG=1",
					"$(inherited)",
				);
				GCC_WARN_64_TO_32_BIT_CONVERSION = YES;
				GCC_WARN_ABOUT_RETURN_TYPE = YES_ERROR;
				GCC_WARN_UNDECLARED_SELECTOR = YES;
				GCC_WARN_UNINITIALIZED_AUTOS = YES_AGGRESSIVE;
				GCC_WARN_UNUSED_FUNCTION = YES;
				GCC_WARN_UNUSED_VARIABLE = YES;
				LOCALIZATION_PREFERS_STRING_CATALOGS = YES;
				MACOSX_DEPLOYMENT_TARGET = 13.0;
				MTL_ENABLE_DEBUG_INFO = INCLUDE_SOURCE;
				MTL_FAST_MATH = YES;
				ONLY_ACTIVE_ARCH = YES;
				SDKROOT = macosx;
				SWIFT_ACTIVE_COMPILATION_CONDITIONS = "DEBUG $(inherited)";
				SWIFT_OPTIMIZATION_LEVEL = "-Onone";
				LD = /usr/bin/clang;
				PRODUCT_BUNDLE_IDENTIFIER = com.denoiz.ui;
				INFOPLIST_FILE = DenoizUI/Info.plist;
				GENERATE_INFOPLIST_FILE = NO;
				PRODUCT_NAME = DenoizUI;
				SWIFT_VERSION = 5.0;
				CODE_SIGN_STYLE = Automatic;
				ENABLE_HARDENED_RUNTIME = NO;
				COMBINE_HIDPI_IMAGES = YES;
				ENABLE_DEBUG_DYLIB = NO;
			};
			name = Debug;
		};
		000000000000000000000602 /* Release */ = {
			isa = XCBuildConfiguration;
			buildSettings = {
				ALWAYS_SEARCH_USER_PATHS = NO;
				ASSETCATALOG_COMPILER_GENERATE_SWIFT_ASSET_SYMBOL_EXTENSIONS = YES;
				CLANG_ANALYZER_NONNULL = YES;
				CLANG_ANALYZER_NUMBER_OBJECT_CONVERSION = YES_AGGRESSIVE;
				CLANG_CXX_LANGUAGE_STANDARD = "gnu++20";
				CLANG_ENABLE_MODULES = YES;
				CLANG_ENABLE_OBJC_ARC = YES;
				CLANG_ENABLE_OBJC_WEAK = YES;
				CLANG_WARN_BLOCK_CAPTURE_AUTORELEASING = YES;
				CLANG_WARN_BOOL_CONVERSION = YES;
				CLANG_WARN_COMMA = YES;
				CLANG_WARN_CONSTANT_CONVERSION = YES;
				CLANG_WARN_DEPRECATED_OBJC_IMPLEMENTATIONS = YES;
				CLANG_WARN_DIRECT_OBJC_ISA_USAGE = YES_ERROR;
				CLANG_WARN_DOCUMENTATION_COMMENTS = YES;
				CLANG_WARN_EMPTY_BODY = YES;
				CLANG_WARN_ENUM_CONVERSION = YES;
				CLANG_WARN_INFINITE_RECURSION = YES;
				CLANG_WARN_INT_CONVERSION = YES;
				CLANG_WARN_NON_LITERAL_NULL_CONVERSION = YES;
				CLANG_WARN_OBJC_IMPLICIT_RETAIN_SELF = YES;
				CLANG_WARN_OBJC_LITERAL_CONVERSION = YES;
				CLANG_WARN_OBJC_ROOT_CLASS = YES_ERROR;
				CLANG_WARN_QUOTED_INCLUDE_IN_FRAMEWORK_HEADER = YES;
				CLANG_WARN_RANGE_LOOP_ANALYSIS = YES;
				CLANG_WARN_STRICT_PROTOTYPES = YES;
				CLANG_WARN_SUSPICIOUS_MOVE = YES;
				CLANG_WARN_UNGUARDED_AVAILABILITY = YES_AGGRESSIVE;
				CLANG_WARN_UNREACHABLE_CODE = YES;
				CLANG_WARN__DUPLICATE_METHOD_MATCH = YES;
				COPY_PHASE_STRIP = NO;
				DEBUG_INFORMATION_FORMAT = "dwarf-with-dsym";
				ENABLE_NS_ASSERTIONS = NO;
				ENABLE_STRICT_OBJC_MSGSEND = YES;
				ENABLE_USER_SCRIPT_SANDBOXING = NO;
				GCC_C_LANGUAGE_STANDARD = gnu17;
				GCC_NO_COMMON_BLOCKS = YES;
				GCC_WARN_64_TO_32_BIT_CONVERSION = YES;
				GCC_WARN_ABOUT_RETURN_TYPE = YES_ERROR;
				GCC_WARN_UNDECLARED_SELECTOR = YES;
				GCC_WARN_UNINITIALIZED_AUTOS = YES_AGGRESSIVE;
				GCC_WARN_UNUSED_FUNCTION = YES;
				GCC_WARN_UNUSED_VARIABLE = YES;
				LOCALIZATION_PREFERS_STRING_CATALOGS = YES;
				MACOSX_DEPLOYMENT_TARGET = 13.0;
				MTL_ENABLE_DEBUG_INFO = NO;
				MTL_FAST_MATH = YES;
				SDKROOT = macosx;
				SWIFT_COMPILATION_MODE = wholemodule;
				VALIDATE_PRODUCT = YES;
				LD = /usr/bin/clang;
				PRODUCT_BUNDLE_IDENTIFIER = com.denoiz.ui;
				INFOPLIST_FILE = DenoizUI/Info.plist;
				GENERATE_INFOPLIST_FILE = NO;
				PRODUCT_NAME = DenoizUI;
				SWIFT_VERSION = 5.0;
				CODE_SIGN_STYLE = Automatic;
				ENABLE_HARDENED_RUNTIME = NO;
				COMBINE_HIDPI_IMAGES = YES;
			};
			name = Release;
		};
		000000000000000000000611 /* Debug */ = {
			isa = XCBuildConfiguration;
			buildSettings = {
				ALWAYS_EMBED_SWIFT_STANDARD_LIBRARIES = YES;
				BUNDLE_LOADER = "$(TEST_HOST)";
				CODE_SIGN_STYLE = Automatic;
				ENABLE_HARDENED_RUNTIME = NO;
				ENABLE_USER_SCRIPT_SANDBOXING = NO;
				GENERATE_INFOPLIST_FILE = YES;
				LD = /usr/bin/clang;
				MACOSX_DEPLOYMENT_TARGET = 13.0;
				PRODUCT_BUNDLE_IDENTIFIER = com.denoiz.ui.tests;
				PRODUCT_NAME = "$(TARGET_NAME)";
				SWIFT_EMIT_LOC_STRINGS = NO;
				SWIFT_VERSION = 5.0;
				TEST_HOST = "$(BUILT_PRODUCTS_DIR)/DenoizUI.app/Contents/MacOS/DenoizUI";
			};
			name = Debug;
		};
		000000000000000000000612 /* Release */ = {
			isa = XCBuildConfiguration;
			buildSettings = {
				ALWAYS_EMBED_SWIFT_STANDARD_LIBRARIES = YES;
				BUNDLE_LOADER = "$(TEST_HOST)";
				CODE_SIGN_STYLE = Automatic;
				ENABLE_HARDENED_RUNTIME = NO;
				ENABLE_USER_SCRIPT_SANDBOXING = NO;
				GENERATE_INFOPLIST_FILE = YES;
				LD = /usr/bin/clang;
				MACOSX_DEPLOYMENT_TARGET = 13.0;
				PRODUCT_BUNDLE_IDENTIFIER = com.denoiz.ui.tests;
				PRODUCT_NAME = "$(TARGET_NAME)";
				SWIFT_EMIT_LOC_STRINGS = NO;
				SWIFT_VERSION = 5.0;
				TEST_HOST = "$(BUILT_PRODUCTS_DIR)/DenoizUI.app/Contents/MacOS/DenoizUI";
			};
			name = Release;
		};

/* ── End XCBuildConfiguration section ─────────────────────────────── */

/* ── Begin XCConfigurationList section ────────────────────────────── */

		000000000000000000000603 /* Build configuration list for PBXProject "DenoizUI" */ = {
			isa = XCConfigurationList;
			buildConfigurations = (
				000000000000000000000601 /* Debug */,
				000000000000000000000602 /* Release */,
			);
			defaultConfigurationIsVisible = 0;
			defaultConfigurationName = Release;
		};
		000000000000000000000604 /* Build configuration list for PBXNativeTarget "DenoizUI" */ = {
			isa = XCConfigurationList;
			buildConfigurations = (
				000000000000000000000601 /* Debug */,
				000000000000000000000602 /* Release */,
			);
			defaultConfigurationIsVisible = 0;
			defaultConfigurationName = Release;
		};
		000000000000000000000613 /* Build configuration list for PBXNativeTarget "DenoizUITests" */ = {
			isa = XCConfigurationList;
			buildConfigurations = (
				000000000000000000000611 /* Debug */,
				000000000000000000000612 /* Release */,
			);
			defaultConfigurationIsVisible = 0;
			defaultConfigurationName = Release;
		};

/* ── End XCConfigurationList section ──────────────────────────────── */

	};
	rootObject = 000000000000000000000501 /* Project object */;
}
